// !$*UTF8*$!
{
	archiveVersion = 1;
	classes = {
	};
	objectVersion = 50;
	objects = {

/* Begin PBXBuildFile section */
		2EBDBCB525CAEE0A00F66C50 /* AppDelegate.swift in Sources */ = {isa = PBXBuildFile; fileRef = 2EBDBCB425CAEE0A00F66C50 /* AppDelegate.swift */; };
		2EBDBCB725CAEE0A00F66C50 /* SceneDelegate.swift in Sources */ = {isa = PBXBuildFile; fileRef = 2EBDBCB625CAEE0A00F66C50 /* SceneDelegate.swift */; };
		2EBDBCBC25CAEE0A00F66C50 /* Main.storyboard in Resources */ = {isa = PBXBuildFile; fileRef = 2EBDBCBA25CAEE0A00F66C50 /* Main.storyboard */; };
		2EBDBCBE25CAEE0A00F66C50 /* Assets.xcassets in Resources */ = {isa = PBXBuildFile; fileRef = 2EBDBCBD25CAEE0A00F66C50 /* Assets.xcassets */; };
		2EBDBCC125CAEE0A00F66C50 /* LaunchScreen.storyboard in Resources */ = {isa = PBXBuildFile; fileRef = 2EBDBCBF25CAEE0A00F66C50 /* LaunchScreen.storyboard */; };
		2EBDBCD325CAEFF800F66C50 /* TrackListTableViewController.swift in Sources */ = {isa = PBXBuildFile; fileRef = 2EBDBCD225CAEFF800F66C50 /* TrackListTableViewController.swift */; };
		2EBDBCD625CAF02F00F66C50 /* DetailViewController.swift in Sources */ = {isa = PBXBuildFile; fileRef = 2EBDBCD525CAF02F00F66C50 /* DetailViewController.swift */; };
		2EBDBCD925CB5DDB00F66C50 /* Song.swift in Sources */ = {isa = PBXBuildFile; fileRef = 2EBDBCD825CB5DDB00F66C50 /* Song.swift */; };
		2EBDBCDC25CB5EBC00F66C50 /* DataManager.swift in Sources */ = {isa = PBXBuildFile; fileRef = 2EBDBCDB25CB5EBC00F66C50 /* DataManager.swift */; };
/* End PBXBuildFile section */

/* Begin PBXFileReference section */
		2EBDBCB125CAEE0A00F66C50 /* TrackLists.app */ = {isa = PBXFileReference; explicitFileType = wrapper.application; includeInIndex = 0; path = TrackLists.app; sourceTree = BUILT_PRODUCTS_DIR; };
		2EBDBCB425CAEE0A00F66C50 /* AppDelegate.swift */ = {isa = PBXFileReference; lastKnownFileType = sourcecode.swift; path = AppDelegate.swift; sourceTree = "<group>"; };
		2EBDBCB625CAEE0A00F66C50 /* SceneDelegate.swift */ = {isa = PBXFileReference; lastKnownFileType = sourcecode.swift; path = SceneDelegate.swift; sourceTree = "<group>"; };
		2EBDBCBB25CAEE0A00F66C50 /* Base */ = {isa = PBXFileReference; lastKnownFileType = file.storyboard; name = Base; path = Base.lproj/Main.storyboard; sourceTree = "<group>"; };
		2EBDBCBD25CAEE0A00F66C50 /* Assets.xcassets */ = {isa = PBXFileReference; lastKnownFileType = folder.assetcatalog; path = Assets.xcassets; sourceTree = "<group>"; };
		2EBDBCC025CAEE0A00F66C50 /* Base */ = {isa = PBXFileReference; lastKnownFileType = file.storyboard; name = Base; path = Base.lproj/LaunchScreen.storyboard; sourceTree = "<group>"; };
		2EBDBCC225CAEE0A00F66C50 /* Info.plist */ = {isa = PBXFileReference; lastKnownFileType = text.plist.xml; path = Info.plist; sourceTree = "<group>"; };
		2EBDBCD225CAEFF800F66C50 /* TrackListTableViewController.swift */ = {isa = PBXFileReference; lastKnownFileType = sourcecode.swift; path = TrackListTableViewController.swift; sourceTree = "<group>"; };
		2EBDBCD525CAF02F00F66C50 /* DetailViewController.swift */ = {isa = PBXFileReference; lastKnownFileType = sourcecode.swift; path = DetailViewController.swift; sourceTree = "<group>"; };
		2EBDBCD825CB5DDB00F66C50 /* Song.swift */ = {isa = PBXFileReference; lastKnownFileType = sourcecode.swift; path = Song.swift; sourceTree = "<group>"; };
		2EBDBCDB25CB5EBC00F66C50 /* DataManager.swift */ = {isa = PBXFileReference; lastKnownFileType = sourcecode.swift; path = DataManager.swift; sourceTree = "<group>"; };
/* End PBXFileReference section */

/* Begin PBXFrameworksBuildPhase section */
		2EBDBCAE25CAEE0A00F66C50 /* Frameworks */ = {
			isa = PBXFrameworksBuildPhase;
			buildActionMask = 2147483647;
			files = (
			);
			runOnlyForDeploymentPostprocessing = 0;
		};
/* End PBXFrameworksBuildPhase section */

/* Begin PBXGroup section */
		2EBDBCA825CAEE0900F66C50 = {
			isa = PBXGroup;
			children = (
				2EBDBCB325CAEE0A00F66C50 /* TrackLists */,
				2EBDBCB225CAEE0A00F66C50 /* Products */,
			);
			sourceTree = "<group>";
		};
		2EBDBCB225CAEE0A00F66C50 /* Products */ = {
			isa = PBXGroup;
			children = (
				2EBDBCB125CAEE0A00F66C50 /* TrackLists.app */,
			);
			name = Products;
			sourceTree = "<group>";
		};
		2EBDBCB325CAEE0A00F66C50 /* TrackLists */ = {
			isa = PBXGroup;
			children = (
				2EBDBCC925CAEE5C00F66C50 /* Delegate */,
				2EBDBCD025CAEF0700F66C50 /* ModelManager */,
				2EBDBCCF25CAEEF400F66C50 /* Model */,
				2EBDBCCC25CAEEAF00F66C50 /* View */,
				2EBDBCCE25CAEEE400F66C50 /* Controllers */,
				2EBDBCBD25CAEE0A00F66C50 /* Assets.xcassets */,
				2EBDBCC225CAEE0A00F66C50 /* Info.plist */,
			);
			path = TrackLists;
			sourceTree = "<group>";
		};
		2EBDBCC925CAEE5C00F66C50 /* Delegate */ = {
			isa = PBXGroup;
			children = (
				2EBDBCB425CAEE0A00F66C50 /* AppDelegate.swift */,
				2EBDBCB625CAEE0A00F66C50 /* SceneDelegate.swift */,
			);
			path = Delegate;
			sourceTree = "<group>";
		};
		2EBDBCCC25CAEEAF00F66C50 /* View */ = {
			isa = PBXGroup;
			children = (
				2EBDBCBA25CAEE0A00F66C50 /* Main.storyboard */,
				2EBDBCBF25CAEE0A00F66C50 /* LaunchScreen.storyboard */,
			);
			path = View;
			sourceTree = "<group>";
		};
		2EBDBCCE25CAEEE400F66C50 /* Controllers */ = {
			isa = PBXGroup;
			children = (
				2EBDBCD225CAEFF800F66C50 /* TrackListTableViewController.swift */,
				2EBDBCD525CAF02F00F66C50 /* DetailViewController.swift */,
			);
			path = Controllers;
			sourceTree = "<group>";
		};
		2EBDBCCF25CAEEF400F66C50 /* Model */ = {
			isa = PBXGroup;
			children = (
				2EBDBCD825CB5DDB00F66C50 /* Song.swift */,
			);
			path = Model;
			sourceTree = "<group>";
		};
		2EBDBCD025CAEF0700F66C50 /* ModelManager */ = {
			isa = PBXGroup;
			children = (
				2EBDBCDB25CB5EBC00F66C50 /* DataManager.swift */,
			);
			path = ModelManager;
			sourceTree = "<group>";
		};
/* End PBXGroup section */

/* Begin PBXNativeTarget section */
		2EBDBCB025CAEE0A00F66C50 /* TrackLists */ = {
			isa = PBXNativeTarget;
			buildConfigurationList = 2EBDBCC525CAEE0A00F66C50 /* Build configuration list for PBXNativeTarget "TrackLists" */;
			buildPhases = (
				2EBDBCAD25CAEE0A00F66C50 /* Sources */,
				2EBDBCAE25CAEE0A00F66C50 /* Frameworks */,
				2EBDBCAF25CAEE0A00F66C50 /* Resources */,
			);
			buildRules = (
			);
			dependencies = (
			);
			name = TrackLists;
			productName = TrackLists;
			productReference = 2EBDBCB125CAEE0A00F66C50 /* TrackLists.app */;
			productType = "com.apple.product-type.application";
		};
/* End PBXNativeTarget section */

/* Begin PBXProject section */
		2EBDBCA925CAEE0900F66C50 /* Project object */ = {
			isa = PBXProject;
			attributes = {
				LastSwiftUpdateCheck = 1240;
				LastUpgradeCheck = 1240;
				TargetAttributes = {
					2EBDBCB025CAEE0A00F66C50 = {
						CreatedOnToolsVersion = 12.4;
					};
				};
			};
			buildConfigurationList = 2EBDBCAC25CAEE0900F66C50 /* Build configuration list for PBXProject "TrackLists" */;
			compatibilityVersion = "Xcode 9.3";
			developmentRegion = en;
			hasScannedForEncodings = 0;
			knownRegions = (
				en,
				Base,
			);
			mainGroup = 2EBDBCA825CAEE0900F66C50;
			productRefGroup = 2EBDBCB225CAEE0A00F66C50 /* Products */;
			projectDirPath = "";
			projectRoot = "";
			targets = (
				2EBDBCB025CAEE0A00F66C50 /* TrackLists */,
			);
		};
/* End PBXProject section */

/* Begin PBXResourcesBuildPhase section */
		2EBDBCAF25CAEE0A00F66C50 /* Resources */ = {
			isa = PBXResourcesBuildPhase;
			buildActionMask = 2147483647;
			files = (
				2EBDBCC125CAEE0A00F66C50 /* LaunchScreen.storyboard in Resources */,
				2EBDBCBE25CAEE0A00F66C50 /* Assets.xcassets in Resources */,
				2EBDBCBC25CAEE0A00F66C50 /* Main.storyboard in Resources */,
			);
			runOnlyForDeploymentPostprocessing = 0;
		};
/* End PBXResourcesBuildPhase section */

/* Begin PBXSourcesBuildPhase section */
		2EBDBCAD25CAEE0A00F66C50 /* Sources */ = {
			isa = PBXSourcesBuildPhase;
			buildActionMask = 2147483647;
			files = (
				2EBDBCB525CAEE0A00F66C50 /* AppDelegate.swift in Sources */,
				2EBDBCDC25CB5EBC00F66C50 /* DataManager.swift in Sources */,
				2EBDBCB725CAEE0A00F66C50 /* SceneDelegate.swift in Sources */,
				2EBDBCD325CAEFF800F66C50 /* TrackListTableViewController.swift in Sources */,
				2EBDBCD625CAF02F00F66C50 /* DetailViewController.swift in Sources */,
				2EBDBCD925CB5DDB00F66C50 /* Song.swift in Sources */,
			);
			runOnlyForDeploymentPostprocessing = 0;
		};
/* End PBXSourcesBuildPhase section */

/* Begin PBXVariantGroup section */
		2EBDBCBA25CAEE0A00F66C50 /* Main.storyboard */ = {
			isa = PBXVariantGroup;
			children = (
				2EBDBCBB25CAEE0A00F66C50 /* Base */,
			);
			name = Main.storyboard;
			sourceTree = "<group>";
		};
		2EBDBCBF25CAEE0A00F66C50 /* LaunchScreen.storyboard */ = {
			isa = PBXVariantGroup;
			children = (
				2EBDBCC025CAEE0A00F66C50 /* Base */,
			);
			name = LaunchScreen.storyboard;
			sourceTree = "<group>";
		};
/* End PBXVariantGroup section */

/* Begin XCBuildConfiguration section */
		2EBDBCC325CAEE0A00F66C50 /* Debug */ = {
			isa = XCBuildConfiguration;
			buildSettings = {
				ALWAYS_SEARCH_USER_PATHS = NO;
				CLANG_ANALYZER_NONNULL = YES;
				CLANG_ANALYZER_NUMBER_OBJECT_CONVERSION = YES_AGGRESSIVE;
				CLANG_CXX_LANGUAGE_STANDARD = "gnu++14";
				CLANG_CXX_LIBRARY = "libc++";
				CLANG_ENABLE_MODULES = YES;
				CLANG_ENABLE_OBJC_ARC = YES;
				CLANG_ENABLE_OBJC_WEAK = YES;
				CLANG_WARN_BLOCK_CAPTURE_AUTORELEASING = YES;
				CLANG_WARN_BOOL_CONVERSION = YES;
				CLANG_WARN_COMMA = YES;
				CLANG_WARN_CONSTANT_CONVERSION = YES;
				CLANG_WARN_DEPRECATED_OBJC_IMPLEMENTATIONS = YES;
				CLANG_WARN_DIRECT_OBJC_ISA_USAGE = YES_ERROR;
				CLANG_WARN_DOCUMENTATION_COMMENTS = YES;
				CLANG_WARN_EMPTY_BODY = YES;
				CLANG_WARN_ENUM_CONVERSION = YES;
				CLANG_WARN_INFINITE_RECURSION = YES;
				CLANG_WARN_INT_CONVERSION = YES;
				CLANG_WARN_NON_LITERAL_NULL_CONVERSION = YES;
				CLANG_WARN_OBJC_IMPLICIT_RETAIN_SELF = YES;
				CLANG_WARN_OBJC_LITERAL_CONVERSION = YES;
				CLANG_WARN_OBJC_ROOT_CLASS = YES_ERROR;
				CLANG_WARN_QUOTED_INCLUDE_IN_FRAMEWORK_HEADER = YES;
				CLANG_WARN_RANGE_LOOP_ANALYSIS = YES;
				CLANG_WARN_STRICT_PROTOTYPES = YES;
				CLANG_WARN_SUSPICIOUS_MOVE = YES;
				CLANG_WARN_UNGUARDED_AVAILABILITY = YES_AGGRESSIVE;
				CLANG_WARN_UNREACHABLE_CODE = YES;
				CLANG_WARN__DUPLICATE_METHOD_MATCH = YES;
				COPY_PHASE_STRIP = NO;
				DEBUG_INFORMATION_FORMAT = dwarf;
				ENABLE_STRICT_OBJC_MSGSEND = YES;
				ENABLE_TESTABILITY = YES;
				GCC_C_LANGUAGE_STANDARD = gnu11;
				GCC_DYNAMIC_NO_PIC = NO;
				GCC_NO_COMMON_BLOCKS = YES;
				GCC_OPTIMIZATION_LEVEL = 0;
				GCC_PREPROCESSOR_DEFINITIONS = (
					"DEBUG=1",
					"$(inherited)",
				);
				GCC_WARN_64_TO_32_BIT_CONVERSION = YES;
				GCC_WARN_ABOUT_RETURN_TYPE = YES_ERROR;
				GCC_WARN_UNDECLARED_SELECTOR = YES;
				GCC_WARN_UNINITIALIZED_AUTOS = YES_AGGRESSIVE;
				GCC_WARN_UNUSED_FUNCTION = YES;
				GCC_WARN_UNUSED_VARIABLE = YES;
				IPHONEOS_DEPLOYMENT_TARGET = 14.4;
				MTL_ENABLE_DEBUG_INFO = INCLUDE_SOURCE;
				MTL_FAST_MATH = YES;
				ONLY_ACTIVE_ARCH = YES;
				SDKROOT = iphoneos;
				SWIFT_ACTIVE_COMPILATION_CONDITIONS = DEBUG;
				SWIFT_OPTIMIZATION_LEVEL = "-Onone";
			};
			name = Debug;
		};
		2EBDBCC425CAEE0A00F66C50 /* Release */ = {
			isa = XCBuildConfiguration;
			buildSettings = {
				ALWAYS_SEARCH_USER_PATHS = NO;
				CLANG_ANALYZER_NONNULL = YES;
				CLANG_ANALYZER_NUMBER_OBJECT_CONVERSION = YES_AGGRESSIVE;
				CLANG_CXX_LANGUAGE_STANDARD = "gnu++14";
				CLANG_CXX_LIBRARY = "libc++";
				CLANG_ENABLE_MODULES = YES;
				CLANG_ENABLE_OBJC_ARC = YES;
				CLANG_ENABLE_OBJC_WEAK = YES;
				CLANG_WARN_BLOCK_CAPTURE_AUTORELEASING = YES;
				CLANG_WARN_BOOL_CONVERSION = YES;
				CLANG_WARN_COMMA = YES;
				CLANG_WARN_CONSTANT_CONVERSION = YES;
				CLANG_WARN_DEPRECATED_OBJC_IMPLEMENTATIONS = YES;
				CLANG_WARN_DIRECT_OBJC_ISA_USAGE = YES_ERROR;
				CLANG_WARN_DOCUMENTATION_COMMENTS = YES;
				CLANG_WARN_EMPTY_BODY = YES;
				CLANG_WARN_ENUM_CONVERSION = YES;
				CLANG_WARN_INFINITE_RECURSION = YES;
				CLANG_WARN_INT_CONVERSION = YES;
				CLANG_WARN_NON_LITERAL_NULL_CONVERSION = YES;
				CLANG_WARN_OBJC_IMPLICIT_RETAIN_SELF = YES;
				CLANG_WARN_OBJC_LITERAL_CONVERSION = YES;
				CLANG_WARN_OBJC_ROOT_CLASS = YES_ERROR;
				CLANG_WARN_QUOTED_INCLUDE_IN_FRAMEWORK_HEADER = YES;
				CLANG_WARN_RANGE_LOOP_ANALYSIS = YES;
				CLANG_WARN_STRICT_PROTOTYPES = YES;
				CLANG_WARN_SUSPICIOUS_MOVE = YES;
				CLANG_WARN_UNGUARDED_AVAILABILITY = YES_AGGRESSIVE;
				CLANG_WARN_UNREACHABLE_CODE = YES;
				CLANG_WARN__DUPLICATE_METHOD_MATCH = YES;
				COPY_PHASE_STRIP = NO;
				DEBUG_INFORMATION_FORMAT = "dwarf-with-dsym";
				ENABLE_NS_ASSERTIONS = NO;
				ENABLE_STRICT_OBJC_MSGSEND = YES;
				GCC_C_LANGUAGE_STANDARD = gnu11;
				GCC_NO_COMMON_BLOCKS = YES;
				GCC_WARN_64_TO_32_BIT_CONVERSION = YES;
				GCC_WARN_ABOUT_RETURN_TYPE = YES_ERROR;
				GCC_WARN_UNDECLARED_SELECTOR = YES;
				GCC_WARN_UNINITIALIZED_AUTOS = YES_AGGRESSIVE;
				GCC_WARN_UNUSED_FUNCTION = YES;
				GCC_WARN_UNUSED_VARIABLE = YES;
				IPHONEOS_DEPLOYMENT_TARGET = 14.4;
				MTL_ENABLE_DEBUG_INFO = NO;
				MTL_FAST_MATH = YES;
				SDKROOT = iphoneos;
				SWIFT_COMPILATION_MODE = wholemodule;
				SWIFT_OPTIMIZATION_LEVEL = "-O";
				VALIDATE_PRODUCT = YES;
			};
			name = Release;
		};
		2EBDBCC625CAEE0A00F66C50 /* Debug */ = {
			isa = XCBuildConfiguration;
			buildSettings = {
				ASSETCATALOG_COMPILER_APPICON_NAME = AppIcon;
				ASSETCATALOG_COMPILER_GLOBAL_ACCENT_COLOR_NAME = AccentColor;
				CODE_SIGN_STYLE = Automatic;
				DEVELOPMENT_TEAM = 65ZQUJ5XHR;
				INFOPLIST_FILE = TrackLists/Info.plist;
				LD_RUNPATH_SEARCH_PATHS = (
					"$(inherited)",
					"@executable_path/Frameworks",
				);
				PRODUCT_BUNDLE_IDENTIFIER = lv.accenture.bootcamp.TrackLists;
				PRODUCT_NAME = "$(TARGET_NAME)";
				SWIFT_VERSION = 5.0;
				TARGETED_DEVICE_FAMILY = "1,2";
			};
			name = Debug;
		};
		2EBDBCC725CAEE0A00F66C50 /* Release */ = {
			isa = XCBuildConfiguration;
			buildSettings = {
				ASSETCATALOG_COMPILER_APPICON_NAME = AppIcon;
				ASSETCATALOG_COMPILER_GLOBAL_ACCENT_COLOR_NAME = AccentColor;
				CODE_SIGN_STYLE = Automatic;
				DEVELOPMENT_TEAM = 65ZQUJ5XHR;
				INFOPLIST_FILE = TrackLists/Info.plist;
				LD_RUNPATH_SEARCH_PATHS = (
					"$(inherited)",
					"@executable_path/Frameworks",
				);
				PRODUCT_BUNDLE_IDENTIFIER = lv.accenture.bootcamp.TrackLists;
				PRODUCT_NAME = "$(TARGET_NAME)";
				SWIFT_VERSION = 5.0;
				TARGETED_DEVICE_FAMILY = "1,2";
			};
			name = Release;
		};
/* End XCBuildConfiguration section */

/* Begin XCConfigurationList section */
		2EBDBCAC25CAEE0900F66C50 /* Build configuration list for PBXProject "TrackLists" */ = {
			isa = XCConfigurationList;
			buildConfigurations = (
				2EBDBCC325CAEE0A00F66C50 /* Debug */,
				2EBDBCC425CAEE0A00F66C50 /* Release */,
			);
			defaultConfigurationIsVisible = 0;
			defaultConfigurationName = Release;
		};
		2EBDBCC525CAEE0A00F66C50 /* Build configuration list for PBXNativeTarget "TrackLists" */ = {
			isa = XCConfigurationList;
			buildConfigurations = (
				2EBDBCC625CAEE0A00F66C50 /* Debug */,
				2EBDBCC725CAEE0A00F66C50 /* Release */,
			);
			defaultConfigurationIsVisible = 0;
			defaultConfigurationName = Release;
		};
/* End XCConfigurationList section */
	};
	rootObject = 2EBDBCA925CAEE0900F66C50 /* Project object */;
}
